
Microsoft Visual Studio Solution File, Format Version 12.00
# Visual Studio Version 16
VisualStudioVersion = 16.0.31205.134
MinimumVisualStudioVersion = 10.0.40219.1
Project("{FAE04EC0-301F-11D3-BF4B-00C04F79EFBC}") = "ASPNETCORE_MVC_Course", "ASPNETCORE_MVC_Course\ASPNETCORE_MVC_Course.csproj", "{8A0F0209-F539-4D86-8F59-7FA58AC2A737}"
EndProject
Project("{FAE04EC0-301F-11D3-BF4B-00C04F79EFBC}") = "DependencyInjectionsSampleLib", "DependencyInjectionsSampleLib\DependencyInjectionsSampleLib.csproj", "{0E638CCF-D94F-4463-AB40-423F41ADC7E8}"
EndProject
Global
	GlobalSection(SolutionConfigurationPlatforms) = preSolution
		Debug|Any CPU = Debug|Any CPU
		Release|Any CPU = Release|Any CPU
	EndGlobalSection
	GlobalSection(ProjectConfigurationPlatforms) = postSolution
		{8A0F0209-F539-4D86-8F59-7FA58AC2A737}.Debug|Any CPU.ActiveCfg = Debug|Any CPU
		{8A0F0209-F539-4D86-8F59-7FA58AC2A737}.Debug|Any CPU.Build.0 = Debug|Any CPU
		{8A0F0209-F539-4D86-8F59-7FA58AC2A737}.Release|Any CPU.ActiveCfg = Release|Any CPU
		{8A0F0209-F539-4D86-8F59-7FA58AC2A737}.Release|Any CPU.Build.0 = Release|Any CPU
		{0E638CCF-D94F-4463-AB40-423F41ADC7E8}.Debug|Any CPU.ActiveCfg = Debug|Any CPU
		{0E638CCF-D94F-4463-AB40-423F41ADC7E8}.Debug|Any CPU.Build.0 = Debug|Any CPU
		{0E638CCF-D94F-4463-AB40-423F41ADC7E8}.Release|Any CPU.ActiveCfg = Release|Any CPU
		{0E638CCF-D94F-4463-AB40-423F41ADC7E8}.Release|Any CPU.Build.0 = Release|Any CPU
	EndGlobalSection
	GlobalSection(SolutionProperties) = preSolution
		HideSolutionNode = FALSE
	EndGlobalSection
	GlobalSection(ExtensibilityGlobals) = postSolution
		SolutionGuid = {824A4711-9E88-4FFF-B109-43AC592201CC}
	EndGlobalSection
EndGlobal
